
Microsoft Visual Studio Solution File, Format Version 12.00
# Visual Studio Version 17
VisualStudioVersion = 17.4.33122.133
MinimumVisualStudioVersion = 10.0.40219.1
Project("{FAE04EC0-301F-11D3-BF4B-00C04F79EFBC}") = "pruebasAlmacen", "pruebasAlmacen\pruebasAlmacen.csproj", "{9BD114D4-9405-46C6-B9F6-BF0486906DFF}"
EndProject
Global
	GlobalSection(SolutionConfigurationPlatforms) = preSolution
		Debug|Any CPU = Debug|Any CPU
		Release|Any CPU = Release|Any CPU
	EndGlobalSection
	GlobalSection(ProjectConfigurationPlatforms) = postSolution
		{9BD114D4-9405-46C6-B9F6-BF0486906DFF}.Debug|Any CPU.ActiveCfg = Debug|Any CPU
		{9BD114D4-9405-46C6-B9F6-BF0486906DFF}.Debug|Any CPU.Build.0 = Debug|Any CPU
		{9BD114D4-9405-46C6-B9F6-BF0486906DFF}.Release|Any CPU.ActiveCfg = Release|Any CPU
		{9BD114D4-9405-46C6-B9F6-BF0486906DFF}.Release|Any CPU.Build.0 = Release|Any CPU
	EndGlobalSection
	GlobalSection(SolutionProperties) = preSolution
		HideSolutionNode = FALSE
	EndGlobalSection
	GlobalSection(ExtensibilityGlobals) = postSolution
		SolutionGuid = {E802CDC5-FC59-4B92-B7FD-43DF438EBF45}
	EndGlobalSection
EndGlobal
